
Microsoft Visual Studio Solution File, Format Version 12.00
# Visual Studio Version 17
VisualStudioVersion = 17.7.34003.232
MinimumVisualStudioVersion = 10.0.40219.1
Project("{9A19103F-16F7-4668-BE54-9A1E7A4F7556}") = "ProyectoAvicola.Entidades", "ProyectoAvicola.Entidades\ProyectoAvicola.Entidades.csproj", "{F07AC22D-BADD-48C2-B880-B7CD1F288FB8}"
EndProject
Project("{9A19103F-16F7-4668-BE54-9A1E7A4F7556}") = "ProyectoAvicola.Datos", "ProyectoAvicola.Datos\ProyectoAvicola.Datos.csproj", "{5FC6EEDA-3266-4A18-BFC0-02B0895E1C47}"
EndProject
Project("{FAE04EC0-301F-11D3-BF4B-00C04F79EFBC}") = "ProyectoAvicola.Servicios", "ProyectoAvicola.Servicios\ProyectoAvicola.Servicios.csproj", "{9AE2ECAF-65C5-4025-8158-7F25F754463B}"
EndProject
Project("{FAE04EC0-301F-11D3-BF4B-00C04F79EFBC}") = "ProyectoAvicola.Windows", "ProyectoAvicola.Windows\ProyectoAvicola.Windows.csproj", "{9E44B3F5-18AC-4092-B4AB-DCE6461C62B6}"
EndProject
Global
	GlobalSection(SolutionConfigurationPlatforms) = preSolution
		Debug|Any CPU = Debug|Any CPU
		Release|Any CPU = Release|Any CPU
	EndGlobalSection
	GlobalSection(ProjectConfigurationPlatforms) = postSolution
		{F07AC22D-BADD-48C2-B880-B7CD1F288FB8}.Debug|Any CPU.ActiveCfg = Debug|Any CPU
		{F07AC22D-BADD-48C2-B880-B7CD1F288FB8}.Debug|Any CPU.Build.0 = Debug|Any CPU
		{F07AC22D-BADD-48C2-B880-B7CD1F288FB8}.Release|Any CPU.ActiveCfg = Release|Any CPU
		{F07AC22D-BADD-48C2-B880-B7CD1F288FB8}.Release|Any CPU.Build.0 = Release|Any CPU
		{5FC6EEDA-3266-4A18-BFC0-02B0895E1C47}.Debug|Any CPU.ActiveCfg = Debug|Any CPU
		{5FC6EEDA-3266-4A18-BFC0-02B0895E1C47}.Debug|Any CPU.Build.0 = Debug|Any CPU
		{5FC6EEDA-3266-4A18-BFC0-02B0895E1C47}.Release|Any CPU.ActiveCfg = Release|Any CPU
		{5FC6EEDA-3266-4A18-BFC0-02B0895E1C47}.Release|Any CPU.Build.0 = Release|Any CPU
		{9AE2ECAF-65C5-4025-8158-7F25F754463B}.Debug|Any CPU.ActiveCfg = Debug|Any CPU
		{9AE2ECAF-65C5-4025-8158-7F25F754463B}.Debug|Any CPU.Build.0 = Debug|Any CPU
		{9AE2ECAF-65C5-4025-8158-7F25F754463B}.Release|Any CPU.ActiveCfg = Release|Any CPU
		{9AE2ECAF-65C5-4025-8158-7F25F754463B}.Release|Any CPU.Build.0 = Release|Any CPU
		{9E44B3F5-18AC-4092-B4AB-DCE6461C62B6}.Debug|Any CPU.ActiveCfg = Debug|Any CPU
		{9E44B3F5-18AC-4092-B4AB-DCE6461C62B6}.Debug|Any CPU.Build.0 = Debug|Any CPU
		{9E44B3F5-18AC-4092-B4AB-DCE6461C62B6}.Release|Any CPU.ActiveCfg = Release|Any CPU
		{9E44B3F5-18AC-4092-B4AB-DCE6461C62B6}.Release|Any CPU.Build.0 = Release|Any CPU
	EndGlobalSection
	GlobalSection(SolutionProperties) = preSolution
		HideSolutionNode = FALSE
	EndGlobalSection
	GlobalSection(ExtensibilityGlobals) = postSolution
		SolutionGuid = {135186F0-446D-4C18-B64B-0A711F0ECB56}
	EndGlobalSection
EndGlobal
